<?xml version="1.0" encoding="utf-8"?>
<Project ToolsVersion="4.0" xmlns="http://schemas.microsoft.com/developer/msbuild/2003">
  <ItemGroup>
    <Filter Include="Source Files">
      <UniqueIdentifier>{fbc3c410-0655-4834-9267-0561943c7b2d}</UniqueIdentifier>
      <Extensions>cpp;c;cxx;rc;def;r;odl;idl;hpj;bat</Extensions>
    </Filter>
    <Filter Include="Source Files\ui">
      <UniqueIdentifier>{ea527df2-9dd6-45de-8d55-c4cb543fee4c}</UniqueIdentifier>
      <Extensions>cpp;c;cxx;rc;def;r;odl;idl;hpj;bat</Extensions>
    </Filter>
    <Filter Include="Source Files\fileio">
      <UniqueIdentifier>{2e2ef955-bd07-4673-9ef5-02ded5bc94ac}</UniqueIdentifier>
      <Extensions>cpp;c;cxx;rc;def;r;odl;idl;hpj;bat</Extensions>
    </Filter>
    <Filter Include="Source Files\scene">
      <UniqueIdentifier>{d328131c-8cbd-49a2-bbff-4b6cff54c200}</UniqueIdentifier>
      <Extensions>cpp;c;cxx;rc;def;r;odl;idl;hpj;bat</Extensions>
    </Filter>
    <Filter Include="Source Files\SceneObjects">
      <UniqueIdentifier>{98a07a16-9b95-4932-b459-59e37a3c0f65}</UniqueIdentifier>
    </Filter>
    <Filter Include="Source Files\parser">
      <UniqueIdentifier>{a9b90e85-18a4-474f-84da-8401256db344}</UniqueIdentifier>
    </Filter>
    <Filter Include="Header Files">
      <UniqueIdentifier>{9ebcb0c1-0f04-41ed-9e70-344435ec57c6}</UniqueIdentifier>
      <Extensions>h;hpp;hxx;hm;inl</Extensions>
    </Filter>
    <Filter Include="Header Files\ui.">
      <UniqueIdentifier>{a2670e72-9d30-40eb-89d2-cfb4b889e545}</UniqueIdentifier>
      <Extensions>h;hpp;hxx;hm;inl</Extensions>
    </Filter>
    <Filter Include="Header Files\fileio.">
      <UniqueIdentifier>{013b47bb-f96a-4f79-bef5-efea1335e0cf}</UniqueIdentifier>
      <Extensions>h;hpp;hxx;hm;inl</Extensions>
    </Filter>
    <Filter Include="Header Files\vecmath.">
      <UniqueIdentifier>{e9cbbc51-7be9-47e4-9497-2157cb8f1538}</UniqueIdentifier>
      <Extensions>h;hpp;hxx;hm;inl</Extensions>
    </Filter>
    <Filter Include="Header Files\scene.">
      <UniqueIdentifier>{c7188d3b-d750-4210-8bda-59c5bdb18541}</UniqueIdentifier>
      <Extensions>h;hpp;hxx;hm;inl</Extensions>
    </Filter>
    <Filter Include="Header Files\SceneObjects.">
      <UniqueIdentifier>{db2266ae-a93b-4a6b-b362-21a0a063d7a2}</UniqueIdentifier>
      <Extensions>h;hpp;hxx;hm;inl</Extensions>
    </Filter>
    <Filter Include="Header Files\parser.">
      <UniqueIdentifier>{7daaba00-7128-4384-8f8c-2824c533310d}</UniqueIdentifier>
    </Filter>
    <Filter Include="Resource Files">
      <UniqueIdentifier>{2c37c50b-733a-4b5c-8ded-a83b304909f5}</UniqueIdentifier>
      <Extensions>ico;cur;bmp;dlg;rc2;rct;bin;rgs;gif;jpg;jpeg;jpe</Extensions>
    </Filter>
  </ItemGroup>
  <ItemGroup>
    <ClCompile Include="src\getopt.cpp">
      <Filter>Source Files</Filter>
    </ClCompile>
    <ClCompile Include="src\main.cpp">
      <Filter>Source Files</Filter>
    </ClCompile>
    <ClCompile Include="src\RayTracer.cpp">
      <Filter>Source Files</Filter>
    </ClCompile>
    <ClCompile Include="src\ui\CommandLineUI.cpp">
      <Filter>Source Files\ui</Filter>
    </ClCompile>
    <ClCompile Include="src\ui\debuggingView.cpp">
      <Filter>Source Files\ui</Filter>
    </ClCompile>
    <ClCompile Include="src\ui\debuggingWindow.cxx">
      <Filter>Source Files\ui</Filter>
    </ClCompile>
    <ClCompile Include="src\ui\glObjects.cpp">
      <Filter>Source Files\ui</Filter>
    </ClCompile>
    <ClCompile Include="src\ui\GraphicalUI.cpp">
      <Filter>Source Files\ui</Filter>
    </ClCompile>
    <ClCompile Include="src\ui\ModelerCamera.cpp">
      <Filter>Source Files\ui</Filter>
    </ClCompile>
    <ClCompile Include="src\fileio\buffer.cpp">
      <Filter>Source Files\fileio</Filter>
    </ClCompile>
    <ClCompile Include="src\fileio\imageio.cpp">
      <Filter>Source Files\fileio</Filter>
    </ClCompile>
    <ClCompile Include="src\scene\camera.cpp">
      <Filter>Source Files\scene</Filter>
    </ClCompile>
    <ClCompile Include="src\scene\light.cpp">
      <Filter>Source Files\scene</Filter>
    </ClCompile>
    <ClCompile Include="src\scene\material.cpp">
      <Filter>Source Files\scene</Filter>
    </ClCompile>
    <ClCompile Include="src\scene\ray.cpp">
      <Filter>Source Files\scene</Filter>
    </ClCompile>
    <ClCompile Include="src\scene\scene.cpp">
      <Filter>Source Files\scene</Filter>
    </ClCompile>
    <ClCompile Include="src\SceneObjects\Box.cpp">
      <Filter>Source Files\SceneObjects</Filter>
    </ClCompile>
    <ClCompile Include="src\SceneObjects\Cone.cpp">
      <Filter>Source Files\SceneObjects</Filter>
    </ClCompile>
    <ClCompile Include="src\SceneObjects\Cylinder.cpp">
      <Filter>Source Files\SceneObjects</Filter>
    </ClCompile>
    <ClCompile Include="src\SceneObjects\Sphere.cpp">
      <Filter>Source Files\SceneObjects</Filter>
    </ClCompile>
    <ClCompile Include="src\SceneObjects\Square.cpp">
      <Filter>Source Files\SceneObjects</Filter>
    </ClCompile>
    <ClCompile Include="src\SceneObjects\trimesh.cpp">
      <Filter>Source Files\SceneObjects</Filter>
    </ClCompile>
    <ClCompile Include="src\parser\Parser.cpp">
      <Filter>Source Files\parser</Filter>
    </ClCompile>
    <ClCompile Include="src\parser\ParserException.cpp">
      <Filter>Source Files\parser</Filter>
    </ClCompile>
    <ClCompile Include="src\parser\Token.cpp">
      <Filter>Source Files\parser</Filter>
    </ClCompile>
    <ClCompile Include="src\parser\Tokenizer.cpp">
      <Filter>Source Files\parser</Filter>
    </ClCompile>
    <ClCompile Include="src\ui\TraceGLWindow.cpp">
      <Filter>Source Files\parser</Filter>
    </ClCompile>
    <ClCompile Include="src\fileio\pngimage.cpp">
      <Filter>Source Files</Filter>
    </ClCompile>
    <ClCompile Include="src\fileio\bitmap.cpp">
      <Filter>Source Files</Filter>
    </ClCompile>
  </ItemGroup>
  <ItemGroup>
    <ClInclude Include="src\getopt.h">
      <Filter>Header Files</Filter>
    </ClInclude>
    <ClInclude Include="src\RayTracer.h">
      <Filter>Header Files</Filter>
    </ClInclude>
    <ClInclude Include="src\ui\CommandLineUI.h">
      <Filter>Header Files\ui.</Filter>
    </ClInclude>
    <ClInclude Include="src\ui\debuggingView.h">
      <Filter>Header Files\ui.</Filter>
    </ClInclude>
    <ClInclude Include="src\ui\debuggingWindow.h">
      <Filter>Header Files\ui.</Filter>
    </ClInclude>
    <ClInclude Include="src\ui\GraphicalUI.h">
      <Filter>Header Files\ui.</Filter>
    </ClInclude>
    <ClInclude Include="src\ui\ModelerCamera.h">
      <Filter>Header Files\ui.</Filter>
    </ClInclude>
    <ClInclude Include="src\ui\TraceGLWindow.h">
      <Filter>Header Files\ui.</Filter>
    </ClInclude>
    <ClInclude Include="src\ui\TraceUI.h">
      <Filter>Header Files\ui.</Filter>
    </ClInclude>
    <ClInclude Include="util.h">
      <Filter>Header Files\ui.</Filter>
    </ClInclude>
    <ClInclude Include="src\fileio\buffer.h">
      <Filter>Header Files\fileio.</Filter>
    </ClInclude>
    <ClInclude Include="src\fileio\imageio.h">
      <Filter>Header Files\fileio.</Filter>
    </ClInclude>
    <ClInclude Include="src\vecmath\mat.h">
      <Filter>Header Files\vecmath.</Filter>
    </ClInclude>
    <ClInclude Include="src\vecmath\vec.h">
      <Filter>Header Files\vecmath.</Filter>
    </ClInclude>
    <ClInclude Include="src\scene\BSPTree.h">
      <Filter>Header Files\scene.</Filter>
    </ClInclude>
    <ClInclude Include="src\scene\camera.h">
      <Filter>Header Files\scene.</Filter>
    </ClInclude>
    <ClInclude Include="src\scene\light.h">
      <Filter>Header Files\scene.</Filter>
    </ClInclude>
    <ClInclude Include="src\scene\material.h">
      <Filter>Header Files\scene.</Filter>
    </ClInclude>
    <ClInclude Include="src\scene\ray.h">
      <Filter>Header Files\scene.</Filter>
    </ClInclude>
    <ClInclude Include="src\scene\scene.h">
      <Filter>Header Files\scene.</Filter>
    </ClInclude>
    <ClInclude Include="src\SceneObjects\Box.h">
      <Filter>Header Files\SceneObjects.</Filter>
    </ClInclude>
    <ClInclude Include="src\SceneObjects\Cone.h">
      <Filter>Header Files\SceneObjects.</Filter>
    </ClInclude>
    <ClInclude Include="src\SceneObjects\Cylinder.h">
      <Filter>Header Files\SceneObjects.</Filter>
    </ClInclude>
    <ClInclude Include="src\SceneObjects\Sphere.h">
      <Filter>Header Files\SceneObjects.</Filter>
    </ClInclude>
    <ClInclude Include="src\SceneObjects\Square.h">
      <Filter>Header Files\SceneObjects.</Filter>
    </ClInclude>
    <ClInclude Include="src\SceneObjects\trimesh.h">
      <Filter>Header Files\SceneObjects.</Filter>
    </ClInclude>
    <ClInclude Include="src\parser\Parser.h">
      <Filter>Header Files\parser.</Filter>
    </ClInclude>
    <ClInclude Include="src\parser\ParserException.h">
      <Filter>Header Files\parser.</Filter>
    </ClInclude>
    <ClInclude Include="src\parser\Token.h">
      <Filter>Header Files\parser.</Filter>
    </ClInclude>
    <ClInclude Include="src\parser\Tokenizer.h">
      <Filter>Header Files\parser.</Filter>
    </ClInclude>
    <ClInclude Include="src\fileio\pngimage.h">
      <Filter>Header Files</Filter>
    </ClInclude>
    <ClInclude Include="src\fileio\CImg.h">
      <Filter>Header Files</Filter>
    </ClInclude>
    <ClInclude Include="src\fileio\bitmap.h">
      <Filter>Header Files</Filter>
    </ClInclude>
  </ItemGroup>
  <ItemGroup>
    <None Include="Makefile" />
  </ItemGroup>
</Project>